
Microsoft Visual Studio Solution File, Format Version 12.00
# Visual Studio Version 17
VisualStudioVersion = 17.1.32210.238
MinimumVisualStudioVersion = 10.0.40219.1
Project("{FAE04EC0-301F-11D3-BF4B-00C04F79EFBC}") = "uppgift 22", "uppgift 22\uppgift 22.csproj", "{53E08963-D2AA-4922-926A-F8FAFF8D7304}"
EndProject
Global
	GlobalSection(SolutionConfigurationPlatforms) = preSolution
		Debug|Any CPU = Debug|Any CPU
		Release|Any CPU = Release|Any CPU
	EndGlobalSection
	GlobalSection(ProjectConfigurationPlatforms) = postSolution
		{53E08963-D2AA-4922-926A-F8FAFF8D7304}.Debug|Any CPU.ActiveCfg = Debug|Any CPU
		{53E08963-D2AA-4922-926A-F8FAFF8D7304}.Debug|Any CPU.Build.0 = Debug|Any CPU
		{53E08963-D2AA-4922-926A-F8FAFF8D7304}.Release|Any CPU.ActiveCfg = Release|Any CPU
		{53E08963-D2AA-4922-926A-F8FAFF8D7304}.Release|Any CPU.Build.0 = Release|Any CPU
	EndGlobalSection
	GlobalSection(SolutionProperties) = preSolution
		HideSolutionNode = FALSE
	EndGlobalSection
	GlobalSection(ExtensibilityGlobals) = postSolution
		SolutionGuid = {5C2DDC3F-DBE6-466F-9916-EDAF5FF277CF}
	EndGlobalSection
EndGlobal
